
Microsoft Visual Studio Solution File, Format Version 12.00
# Visual Studio Version 17
VisualStudioVersion = 17.14.36203.30 d17.14
MinimumVisualStudioVersion = 10.0.40219.1
Project("{FAE04EC0-301F-11D3-BF4B-00C04F79EFBC}") = "MyResume", "MyResume\MyResume.csproj", "{0B749DA5-5993-4762-9419-D9B4A2282383}"
EndProject
Project("{FAE04EC0-301F-11D3-BF4B-00C04F79EFBC}") = "MyResume.Infrastructure", "MyResume.Infrastructure\MyResume.Infrastructure.csproj", "{F9B151C5-8991-44C5-817B-E5279DB57E8A}"
EndProject
Project("{FAE04EC0-301F-11D3-BF4B-00C04F79EFBC}") = "MyResume.Domain", "MyResume.Domain\MyResume.Domain.csproj", "{7FC01F24-0DE8-4161-885F-E64A81142118}"
EndProject
Global
	GlobalSection(SolutionConfigurationPlatforms) = preSolution
		Debug|Any CPU = Debug|Any CPU
		Release|Any CPU = Release|Any CPU
	EndGlobalSection
	GlobalSection(ProjectConfigurationPlatforms) = postSolution
		{0B749DA5-5993-4762-9419-D9B4A2282383}.Debug|Any CPU.ActiveCfg = Debug|Any CPU
		{0B749DA5-5993-4762-9419-D9B4A2282383}.Debug|Any CPU.Build.0 = Debug|Any CPU
		{0B749DA5-5993-4762-9419-D9B4A2282383}.Release|Any CPU.ActiveCfg = Release|Any CPU
		{0B749DA5-5993-4762-9419-D9B4A2282383}.Release|Any CPU.Build.0 = Release|Any CPU
		{F9B151C5-8991-44C5-817B-E5279DB57E8A}.Debug|Any CPU.ActiveCfg = Debug|Any CPU
		{F9B151C5-8991-44C5-817B-E5279DB57E8A}.Debug|Any CPU.Build.0 = Debug|Any CPU
		{F9B151C5-8991-44C5-817B-E5279DB57E8A}.Release|Any CPU.ActiveCfg = Release|Any CPU
		{F9B151C5-8991-44C5-817B-E5279DB57E8A}.Release|Any CPU.Build.0 = Release|Any CPU
		{7FC01F24-0DE8-4161-885F-E64A81142118}.Debug|Any CPU.ActiveCfg = Debug|Any CPU
		{7FC01F24-0DE8-4161-885F-E64A81142118}.Debug|Any CPU.Build.0 = Debug|Any CPU
		{7FC01F24-0DE8-4161-885F-E64A81142118}.Release|Any CPU.ActiveCfg = Release|Any CPU
		{7FC01F24-0DE8-4161-885F-E64A81142118}.Release|Any CPU.Build.0 = Release|Any CPU
	EndGlobalSection
	GlobalSection(SolutionProperties) = preSolution
		HideSolutionNode = FALSE
	EndGlobalSection
	GlobalSection(ExtensibilityGlobals) = postSolution
		SolutionGuid = {387524D4-3FCE-4B38-9200-9BD330038B68}
	EndGlobalSection
EndGlobal
